{
  "requires": true,
  "lockfileVersion": 1,
  "dependencies": {
    "exrpess": {
      "version": "0.0.1-security",
      "resolved": "https://registry.npmjs.org/exrpess/-/exrpess-0.0.1-security.tgz",
      "integrity": "sha512-BFgbLPWkXVkKrWcRDObywcWQJrCROtTRyj330Db2jmYqoKN4tSSP+Ya4RzZMSkcpRNTTicr3nzcgJqFCasGpzw=="
    }
  }
}
